// !$*UTF8*$!
{
	archiveVersion = 1;
	classes = {
	};
	objectVersion = 51;
	objects = {

/* Begin PBXBuildFile section */
		6D0D9856265108A100BE2B23 /* MasterCardViewController.swift in Sources */ = {isa = PBXBuildFile; fileRef = 6D0D9855265108A100BE2B23 /* MasterCardViewController.swift */; };
		6D0D985926513E5200BE2B23 /* MasterCardDescriptionTableViewCell.swift in Sources */ = {isa = PBXBuildFile; fileRef = 6D0D985726513E5200BE2B23 /* MasterCardDescriptionTableViewCell.swift */; };
		6D0D985A26513E5200BE2B23 /* MasterCardDescriptionTableViewCell.xib in Resources */ = {isa = PBXBuildFile; fileRef = 6D0D985826513E5200BE2B23 /* MasterCardDescriptionTableViewCell.xib */; };
		6D0D9862265140D400BE2B23 /* MasterCardPriceListTableViewCell.swift in Sources */ = {isa = PBXBuildFile; fileRef = 6D0D9860265140D400BE2B23 /* MasterCardPriceListTableViewCell.swift */; };
		6D0D9863265140D400BE2B23 /* MasterCardPriceListTableViewCell.xib in Resources */ = {isa = PBXBuildFile; fileRef = 6D0D9861265140D400BE2B23 /* MasterCardPriceListTableViewCell.xib */; };
		6D0D9866265140E700BE2B23 /* MasterCardContactsTableViewCell.swift in Sources */ = {isa = PBXBuildFile; fileRef = 6D0D9864265140E700BE2B23 /* MasterCardContactsTableViewCell.swift */; };
		6D0D9867265140E700BE2B23 /* MasterCardContactsTableViewCell.xib in Resources */ = {isa = PBXBuildFile; fileRef = 6D0D9865265140E700BE2B23 /* MasterCardContactsTableViewCell.xib */; };
		6D0D986A265140FD00BE2B23 /* MasterCardWorkingHoursTableViewCell.swift in Sources */ = {isa = PBXBuildFile; fileRef = 6D0D9868265140FD00BE2B23 /* MasterCardWorkingHoursTableViewCell.swift */; };
		6D0D986B265140FD00BE2B23 /* MasterCardWorkingHoursTableViewCell.xib in Resources */ = {isa = PBXBuildFile; fileRef = 6D0D9869265140FD00BE2B23 /* MasterCardWorkingHoursTableViewCell.xib */; };
		6D166BE6263551FC004FC587 /* MastersTabViewController.swift in Sources */ = {isa = PBXBuildFile; fileRef = 6D166BE5263551FC004FC587 /* MastersTabViewController.swift */; };
		6D441F852630050E00A29616 /* HomeViewModel.swift in Sources */ = {isa = PBXBuildFile; fileRef = 6D441F842630050E00A29616 /* HomeViewModel.swift */; };
		6D441F8726300E0F00A29616 /* GoogleService-Info.plist in Resources */ = {isa = PBXBuildFile; fileRef = 6D441F8626300E0F00A29616 /* GoogleService-Info.plist */; };
		6D441F892630337900A29616 /* Profile.storyboard in Resources */ = {isa = PBXBuildFile; fileRef = 6D441F882630337800A29616 /* Profile.storyboard */; };
		6D87FBE9262FEAB500D38EC3 /* Main.storyboard in Resources */ = {isa = PBXBuildFile; fileRef = 6D87FBE8262FEAB500D38EC3 /* Main.storyboard */; };
		6D87FBEF262FEB3E00D38EC3 /* SignUpViewController copy.swift in Sources */ = {isa = PBXBuildFile; fileRef = 6D87FBEE262FEB3E00D38EC3 /* SignUpViewController copy.swift */; };
		6D87FBF1262FEB8400D38EC3 /* SignUpViewModel.swift in Sources */ = {isa = PBXBuildFile; fileRef = 6D87FBF0262FEB8400D38EC3 /* SignUpViewModel.swift */; };
		6D87FBF3262FEBA100D38EC3 /* LoginViewModel.swift in Sources */ = {isa = PBXBuildFile; fileRef = 6D87FBF2262FEBA100D38EC3 /* LoginViewModel.swift */; };
		6D87FBF5262FEBB900D38EC3 /* ResetPasswordViewModel.swift in Sources */ = {isa = PBXBuildFile; fileRef = 6D87FBF4262FEBB900D38EC3 /* ResetPasswordViewModel.swift */; };
		6D87FBF9262FEC3800D38EC3 /* User.swift in Sources */ = {isa = PBXBuildFile; fileRef = 6D87FBF8262FEC3800D38EC3 /* User.swift */; };
		6D87FBFB262FEC8700D38EC3 /* Deffaults.swift in Sources */ = {isa = PBXBuildFile; fileRef = 6D87FBFA262FEC8700D38EC3 /* Deffaults.swift */; };
		6D87FBFD262FECC900D38EC3 /* FBAuthentication.swift in Sources */ = {isa = PBXBuildFile; fileRef = 6D87FBFC262FECC900D38EC3 /* FBAuthentication.swift */; };
		6D87FBFF262FEFCA00D38EC3 /* FBDDatabase.swift in Sources */ = {isa = PBXBuildFile; fileRef = 6D87FBFE262FEFCA00D38EC3 /* FBDDatabase.swift */; };
		6D87FC02262FF1D300D38EC3 /* Extensions.swift in Sources */ = {isa = PBXBuildFile; fileRef = 6D87FC01262FF1D300D38EC3 /* Extensions.swift */; };
		6D87FC04262FF21800D38EC3 /* Alert.swift in Sources */ = {isa = PBXBuildFile; fileRef = 6D87FC03262FF21800D38EC3 /* Alert.swift */; };
		6D87FC06262FF22E00D38EC3 /* ActivityIndicator.swift in Sources */ = {isa = PBXBuildFile; fileRef = 6D87FC05262FF22E00D38EC3 /* ActivityIndicator.swift */; };
		6D87FC08262FF25F00D38EC3 /* SystemAuthorization.swift in Sources */ = {isa = PBXBuildFile; fileRef = 6D87FC07262FF25F00D38EC3 /* SystemAuthorization.swift */; };
		6D87FC0A262FF28400D38EC3 /* Constants.swift in Sources */ = {isa = PBXBuildFile; fileRef = 6D87FC09262FF28400D38EC3 /* Constants.swift */; };
		6D87FC0C262FF2B000D38EC3 /* Enums.swift in Sources */ = {isa = PBXBuildFile; fileRef = 6D87FC0B262FF2B000D38EC3 /* Enums.swift */; };
		6D93E70D263AE85D00C573F2 /* MasterCreationViewComntroller.swift in Sources */ = {isa = PBXBuildFile; fileRef = 6D93E70C263AE85D00C573F2 /* MasterCreationViewComntroller.swift */; };
		6D93E710263B0B5400C573F2 /* MasterCrationViewModel.swift in Sources */ = {isa = PBXBuildFile; fileRef = 6D93E70F263B0B5400C573F2 /* MasterCrationViewModel.swift */; };
		6D93E712263B181F00C573F2 /* FBMasters.swift in Sources */ = {isa = PBXBuildFile; fileRef = 6D93E711263B181F00C573F2 /* FBMasters.swift */; };
		6D93E715263B213B00C573F2 /* MasterTableViewCell.swift in Sources */ = {isa = PBXBuildFile; fileRef = 6D93E713263B213B00C573F2 /* MasterTableViewCell.swift */; };
		6D93E716263B213B00C573F2 /* MasterTableViewCell.xib in Resources */ = {isa = PBXBuildFile; fileRef = 6D93E714263B213B00C573F2 /* MasterTableViewCell.xib */; };
		6D97333D2658B82B0022C54D /* MapViewController.swift in Sources */ = {isa = PBXBuildFile; fileRef = 6D97333C2658B82B0022C54D /* MapViewController.swift */; };
		6D97333F2658B8E30022C54D /* Map.storyboard in Resources */ = {isa = PBXBuildFile; fileRef = 6D97333E2658B8E30022C54D /* Map.storyboard */; };
		6DCAE07425F67359009EFDEC /* Utilities.swift in Sources */ = {isa = PBXBuildFile; fileRef = 6DCAE07325F67359009EFDEC /* Utilities.swift */; };
		6DCE047126514E5A00E5AA83 /* MasterCardReviewTableViewCell.swift in Sources */ = {isa = PBXBuildFile; fileRef = 6DCE046F26514E5A00E5AA83 /* MasterCardReviewTableViewCell.swift */; };
		6DCE047226514E5A00E5AA83 /* MasterCardReviewTableViewCell.xib in Resources */ = {isa = PBXBuildFile; fileRef = 6DCE047026514E5A00E5AA83 /* MasterCardReviewTableViewCell.xib */; };
		6DE64F7B2630390B004BA4A1 /* Test.storyboard in Resources */ = {isa = PBXBuildFile; fileRef = 6DE64F7A2630390B004BA4A1 /* Test.storyboard */; };
		6DE64F7E26305770004BA4A1 /* EditeProfileViewController.swift in Sources */ = {isa = PBXBuildFile; fileRef = 6DE64F7C26305770004BA4A1 /* EditeProfileViewController.swift */; };
		6DE64F7F26305770004BA4A1 /* ChangePasswordViewController.swift in Sources */ = {isa = PBXBuildFile; fileRef = 6DE64F7D26305770004BA4A1 /* ChangePasswordViewController.swift */; };
		6DE64F84263057A4004BA4A1 /* ChangePasswordViewModel.swift in Sources */ = {isa = PBXBuildFile; fileRef = 6DE64F82263057A4004BA4A1 /* ChangePasswordViewModel.swift */; };
		6DE64F85263057A4004BA4A1 /* EditeProfileViewModel.swift in Sources */ = {isa = PBXBuildFile; fileRef = 6DE64F83263057A4004BA4A1 /* EditeProfileViewModel.swift */; };
		6DF0488B25F662640033BD66 /* AppDelegate.swift in Sources */ = {isa = PBXBuildFile; fileRef = 6DF0488A25F662640033BD66 /* AppDelegate.swift */; };
		6DF0488D25F662640033BD66 /* SceneDelegate.swift in Sources */ = {isa = PBXBuildFile; fileRef = 6DF0488C25F662640033BD66 /* SceneDelegate.swift */; };
		6DF0489425F662670033BD66 /* Assets.xcassets in Resources */ = {isa = PBXBuildFile; fileRef = 6DF0489325F662670033BD66 /* Assets.xcassets */; };
		6DF0489725F662670033BD66 /* LaunchScreen.storyboard in Resources */ = {isa = PBXBuildFile; fileRef = 6DF0489525F662670033BD66 /* LaunchScreen.storyboard */; };
		6DF0489F25F662A70033BD66 /* LoginViewController.swift in Sources */ = {isa = PBXBuildFile; fileRef = 6DF0489E25F662A70033BD66 /* LoginViewController.swift */; };
		6DF048A125F662C60033BD66 /* ResetPasswordViewController.swift in Sources */ = {isa = PBXBuildFile; fileRef = 6DF048A025F662C60033BD66 /* ResetPasswordViewController.swift */; };
		6DF048A325F662D50033BD66 /* ProfileViewController.swift in Sources */ = {isa = PBXBuildFile; fileRef = 6DF048A225F662D50033BD66 /* ProfileViewController.swift */; };
		FEF17DC2529604736CCF1D29 /* Pods_Beautify.framework in Frameworks */ = {isa = PBXBuildFile; fileRef = 5228FE8EC5442C5D71A572D9 /* Pods_Beautify.framework */; };
/* End PBXBuildFile section */

/* Begin PBXFileReference section */
		5228FE8EC5442C5D71A572D9 /* Pods_Beautify.framework */ = {isa = PBXFileReference; explicitFileType = wrapper.framework; includeInIndex = 0; path = Pods_Beautify.framework; sourceTree = BUILT_PRODUCTS_DIR; };
		6D0D9855265108A100BE2B23 /* MasterCardViewController.swift */ = {isa = PBXFileReference; lastKnownFileType = sourcecode.swift; path = MasterCardViewController.swift; sourceTree = "<group>"; };
		6D0D985726513E5200BE2B23 /* MasterCardDescriptionTableViewCell.swift */ = {isa = PBXFileReference; lastKnownFileType = sourcecode.swift; path = MasterCardDescriptionTableViewCell.swift; sourceTree = "<group>"; };
		6D0D985826513E5200BE2B23 /* MasterCardDescriptionTableViewCell.xib */ = {isa = PBXFileReference; lastKnownFileType = file.xib; path = MasterCardDescriptionTableViewCell.xib; sourceTree = "<group>"; };
		6D0D9860265140D400BE2B23 /* MasterCardPriceListTableViewCell.swift */ = {isa = PBXFileReference; lastKnownFileType = sourcecode.swift; path = MasterCardPriceListTableViewCell.swift; sourceTree = "<group>"; };
		6D0D9861265140D400BE2B23 /* MasterCardPriceListTableViewCell.xib */ = {isa = PBXFileReference; lastKnownFileType = file.xib; path = MasterCardPriceListTableViewCell.xib; sourceTree = "<group>"; };
		6D0D9864265140E700BE2B23 /* MasterCardContactsTableViewCell.swift */ = {isa = PBXFileReference; lastKnownFileType = sourcecode.swift; path = MasterCardContactsTableViewCell.swift; sourceTree = "<group>"; };
		6D0D9865265140E700BE2B23 /* MasterCardContactsTableViewCell.xib */ = {isa = PBXFileReference; lastKnownFileType = file.xib; path = MasterCardContactsTableViewCell.xib; sourceTree = "<group>"; };
		6D0D9868265140FD00BE2B23 /* MasterCardWorkingHoursTableViewCell.swift */ = {isa = PBXFileReference; lastKnownFileType = sourcecode.swift; path = MasterCardWorkingHoursTableViewCell.swift; sourceTree = "<group>"; };
		6D0D9869265140FD00BE2B23 /* MasterCardWorkingHoursTableViewCell.xib */ = {isa = PBXFileReference; lastKnownFileType = file.xib; path = MasterCardWorkingHoursTableViewCell.xib; sourceTree = "<group>"; };
		6D166BE5263551FC004FC587 /* MastersTabViewController.swift */ = {isa = PBXFileReference; lastKnownFileType = sourcecode.swift; path = MastersTabViewController.swift; sourceTree = "<group>"; };
		6D441F842630050E00A29616 /* HomeViewModel.swift */ = {isa = PBXFileReference; lastKnownFileType = sourcecode.swift; path = HomeViewModel.swift; sourceTree = "<group>"; };
		6D441F8626300E0F00A29616 /* GoogleService-Info.plist */ = {isa = PBXFileReference; fileEncoding = 4; lastKnownFileType = text.plist.xml; path = "GoogleService-Info.plist"; sourceTree = "<group>"; };
		6D441F882630337800A29616 /* Profile.storyboard */ = {isa = PBXFileReference; fileEncoding = 4; lastKnownFileType = file.storyboard; path = Profile.storyboard; sourceTree = "<group>"; };
		6D87FBE8262FEAB500D38EC3 /* Main.storyboard */ = {isa = PBXFileReference; fileEncoding = 4; lastKnownFileType = file.storyboard; path = Main.storyboard; sourceTree = "<group>"; };
		6D87FBEE262FEB3E00D38EC3 /* SignUpViewController copy.swift */ = {isa = PBXFileReference; lastKnownFileType = sourcecode.swift; path = "SignUpViewController copy.swift"; sourceTree = "<group>"; };
		6D87FBF0262FEB8400D38EC3 /* SignUpViewModel.swift */ = {isa = PBXFileReference; lastKnownFileType = sourcecode.swift; path = SignUpViewModel.swift; sourceTree = "<group>"; };
		6D87FBF2262FEBA100D38EC3 /* LoginViewModel.swift */ = {isa = PBXFileReference; lastKnownFileType = sourcecode.swift; path = LoginViewModel.swift; sourceTree = "<group>"; };
		6D87FBF4262FEBB900D38EC3 /* ResetPasswordViewModel.swift */ = {isa = PBXFileReference; lastKnownFileType = sourcecode.swift; path = ResetPasswordViewModel.swift; sourceTree = "<group>"; };
		6D87FBF8262FEC3800D38EC3 /* User.swift */ = {isa = PBXFileReference; lastKnownFileType = sourcecode.swift; path = User.swift; sourceTree = "<group>"; };
		6D87FBFA262FEC8700D38EC3 /* Deffaults.swift */ = {isa = PBXFileReference; lastKnownFileType = sourcecode.swift; path = Deffaults.swift; sourceTree = "<group>"; };
		6D87FBFC262FECC900D38EC3 /* FBAuthentication.swift */ = {isa = PBXFileReference; lastKnownFileType = sourcecode.swift; path = FBAuthentication.swift; sourceTree = "<group>"; };
		6D87FBFE262FEFCA00D38EC3 /* FBDDatabase.swift */ = {isa = PBXFileReference; lastKnownFileType = sourcecode.swift; path = FBDDatabase.swift; sourceTree = "<group>"; };
		6D87FC01262FF1D300D38EC3 /* Extensions.swift */ = {isa = PBXFileReference; lastKnownFileType = sourcecode.swift; path = Extensions.swift; sourceTree = "<group>"; };
		6D87FC03262FF21800D38EC3 /* Alert.swift */ = {isa = PBXFileReference; lastKnownFileType = sourcecode.swift; path = Alert.swift; sourceTree = "<group>"; };
		6D87FC05262FF22E00D38EC3 /* ActivityIndicator.swift */ = {isa = PBXFileReference; lastKnownFileType = sourcecode.swift; path = ActivityIndicator.swift; sourceTree = "<group>"; };
		6D87FC07262FF25F00D38EC3 /* SystemAuthorization.swift */ = {isa = PBXFileReference; lastKnownFileType = sourcecode.swift; path = SystemAuthorization.swift; sourceTree = "<group>"; };
		6D87FC09262FF28400D38EC3 /* Constants.swift */ = {isa = PBXFileReference; lastKnownFileType = sourcecode.swift; path = Constants.swift; sourceTree = "<group>"; };
		6D87FC0B262FF2B000D38EC3 /* Enums.swift */ = {isa = PBXFileReference; lastKnownFileType = sourcecode.swift; path = Enums.swift; sourceTree = "<group>"; };
		6D93E70C263AE85D00C573F2 /* MasterCreationViewComntroller.swift */ = {isa = PBXFileReference; lastKnownFileType = sourcecode.swift; path = MasterCreationViewComntroller.swift; sourceTree = "<group>"; };
		6D93E70F263B0B5400C573F2 /* MasterCrationViewModel.swift */ = {isa = PBXFileReference; lastKnownFileType = sourcecode.swift; path = MasterCrationViewModel.swift; sourceTree = "<group>"; };
		6D93E711263B181F00C573F2 /* FBMasters.swift */ = {isa = PBXFileReference; lastKnownFileType = sourcecode.swift; path = FBMasters.swift; sourceTree = "<group>"; };
		6D93E713263B213B00C573F2 /* MasterTableViewCell.swift */ = {isa = PBXFileReference; lastKnownFileType = sourcecode.swift; path = MasterTableViewCell.swift; sourceTree = "<group>"; };
		6D93E714263B213B00C573F2 /* MasterTableViewCell.xib */ = {isa = PBXFileReference; lastKnownFileType = file.xib; path = MasterTableViewCell.xib; sourceTree = "<group>"; };
		6D97333C2658B82B0022C54D /* MapViewController.swift */ = {isa = PBXFileReference; lastKnownFileType = sourcecode.swift; path = MapViewController.swift; sourceTree = "<group>"; };
		6D97333E2658B8E30022C54D /* Map.storyboard */ = {isa = PBXFileReference; lastKnownFileType = file.storyboard; path = Map.storyboard; sourceTree = "<group>"; };
		6DCAE07325F67359009EFDEC /* Utilities.swift */ = {isa = PBXFileReference; lastKnownFileType = sourcecode.swift; path = Utilities.swift; sourceTree = "<group>"; };
		6DCE046F26514E5A00E5AA83 /* MasterCardReviewTableViewCell.swift */ = {isa = PBXFileReference; lastKnownFileType = sourcecode.swift; path = MasterCardReviewTableViewCell.swift; sourceTree = "<group>"; };
		6DCE047026514E5A00E5AA83 /* MasterCardReviewTableViewCell.xib */ = {isa = PBXFileReference; lastKnownFileType = file.xib; path = MasterCardReviewTableViewCell.xib; sourceTree = "<group>"; };
		6DE64F7A2630390B004BA4A1 /* Test.storyboard */ = {isa = PBXFileReference; lastKnownFileType = file.storyboard; path = Test.storyboard; sourceTree = "<group>"; };
		6DE64F7C26305770004BA4A1 /* EditeProfileViewController.swift */ = {isa = PBXFileReference; fileEncoding = 4; lastKnownFileType = sourcecode.swift; path = EditeProfileViewController.swift; sourceTree = "<group>"; };
		6DE64F7D26305770004BA4A1 /* ChangePasswordViewController.swift */ = {isa = PBXFileReference; fileEncoding = 4; lastKnownFileType = sourcecode.swift; path = ChangePasswordViewController.swift; sourceTree = "<group>"; };
		6DE64F82263057A4004BA4A1 /* ChangePasswordViewModel.swift */ = {isa = PBXFileReference; fileEncoding = 4; lastKnownFileType = sourcecode.swift; path = ChangePasswordViewModel.swift; sourceTree = "<group>"; };
		6DE64F83263057A4004BA4A1 /* EditeProfileViewModel.swift */ = {isa = PBXFileReference; fileEncoding = 4; lastKnownFileType = sourcecode.swift; path = EditeProfileViewModel.swift; sourceTree = "<group>"; };
		6DF0488725F662640033BD66 /* Beautify.app */ = {isa = PBXFileReference; explicitFileType = wrapper.application; includeInIndex = 0; path = Beautify.app; sourceTree = BUILT_PRODUCTS_DIR; };
		6DF0488A25F662640033BD66 /* AppDelegate.swift */ = {isa = PBXFileReference; lastKnownFileType = sourcecode.swift; path = AppDelegate.swift; sourceTree = "<group>"; };
		6DF0488C25F662640033BD66 /* SceneDelegate.swift */ = {isa = PBXFileReference; lastKnownFileType = sourcecode.swift; path = SceneDelegate.swift; sourceTree = "<group>"; };
		6DF0489325F662670033BD66 /* Assets.xcassets */ = {isa = PBXFileReference; lastKnownFileType = folder.assetcatalog; path = Assets.xcassets; sourceTree = "<group>"; };
		6DF0489625F662670033BD66 /* Base */ = {isa = PBXFileReference; lastKnownFileType = file.storyboard; name = Base; path = Base.lproj/LaunchScreen.storyboard; sourceTree = "<group>"; };
		6DF0489825F662670033BD66 /* Info.plist */ = {isa = PBXFileReference; lastKnownFileType = text.plist.xml; path = Info.plist; sourceTree = "<group>"; };
		6DF0489E25F662A70033BD66 /* LoginViewController.swift */ = {isa = PBXFileReference; lastKnownFileType = sourcecode.swift; path = LoginViewController.swift; sourceTree = "<group>"; };
		6DF048A025F662C60033BD66 /* ResetPasswordViewController.swift */ = {isa = PBXFileReference; lastKnownFileType = sourcecode.swift; path = ResetPasswordViewController.swift; sourceTree = "<group>"; };
		6DF048A225F662D50033BD66 /* ProfileViewController.swift */ = {isa = PBXFileReference; lastKnownFileType = sourcecode.swift; path = ProfileViewController.swift; sourceTree = "<group>"; };
		80B43497D149B487E2413EA6 /* Pods-Beautify.debug.xcconfig */ = {isa = PBXFileReference; includeInIndex = 1; lastKnownFileType = text.xcconfig; name = "Pods-Beautify.debug.xcconfig"; path = "Target Support Files/Pods-Beautify/Pods-Beautify.debug.xcconfig"; sourceTree = "<group>"; };
		C802002FC0E6DDB2428009E3 /* Pods-Beautify.release.xcconfig */ = {isa = PBXFileReference; includeInIndex = 1; lastKnownFileType = text.xcconfig; name = "Pods-Beautify.release.xcconfig"; path = "Target Support Files/Pods-Beautify/Pods-Beautify.release.xcconfig"; sourceTree = "<group>"; };
/* End PBXFileReference section */

/* Begin PBXFrameworksBuildPhase section */
		6DF0488425F662640033BD66 /* Frameworks */ = {
			isa = PBXFrameworksBuildPhase;
			buildActionMask = 2147483647;
			files = (
				FEF17DC2529604736CCF1D29 /* Pods_Beautify.framework in Frameworks */,
			);
			runOnlyForDeploymentPostprocessing = 0;
		};
/* End PBXFrameworksBuildPhase section */

/* Begin PBXGroup section */
		228888DE4D5245F5B965AB95 /* Pods */ = {
			isa = PBXGroup;
			children = (
				80B43497D149B487E2413EA6 /* Pods-Beautify.debug.xcconfig */,
				C802002FC0E6DDB2428009E3 /* Pods-Beautify.release.xcconfig */,
			);
			path = Pods;
			sourceTree = "<group>";
		};
		2654FA062940714841CEDA6C /* Frameworks */ = {
			isa = PBXGroup;
			children = (
				5228FE8EC5442C5D71A572D9 /* Pods_Beautify.framework */,
			);
			name = Frameworks;
			sourceTree = "<group>";
		};
		6D0D98502651027E00BE2B23 /* Card */ = {
			isa = PBXGroup;
			children = (
				6D0D9855265108A100BE2B23 /* MasterCardViewController.swift */,
				6D0D985B26513E6300BE2B23 /* Cells */,
			);
			path = Card;
			sourceTree = "<group>";
		};
		6D0D985B26513E6300BE2B23 /* Cells */ = {
			isa = PBXGroup;
			children = (
				6DCE046E26514CBC00E5AA83 /* Review */,
				6D0D985E26513ED600BE2B23 /* Working hours */,
				6D0D985D26513EC500BE2B23 /* Contacts */,
				6D0D985F26513EDE00BE2B23 /* Price list */,
				6D0D985C26513EBA00BE2B23 /* Description */,
			);
			path = Cells;
			sourceTree = "<group>";
		};
		6D0D985C26513EBA00BE2B23 /* Description */ = {
			isa = PBXGroup;
			children = (
				6D0D985726513E5200BE2B23 /* MasterCardDescriptionTableViewCell.swift */,
				6D0D985826513E5200BE2B23 /* MasterCardDescriptionTableViewCell.xib */,
			);
			path = Description;
			sourceTree = "<group>";
		};
		6D0D985D26513EC500BE2B23 /* Contacts */ = {
			isa = PBXGroup;
			children = (
				6D0D9864265140E700BE2B23 /* MasterCardContactsTableViewCell.swift */,
				6D0D9865265140E700BE2B23 /* MasterCardContactsTableViewCell.xib */,
			);
			path = Contacts;
			sourceTree = "<group>";
		};
		6D0D985E26513ED600BE2B23 /* Working hours */ = {
			isa = PBXGroup;
			children = (
				6D0D9868265140FD00BE2B23 /* MasterCardWorkingHoursTableViewCell.swift */,
				6D0D9869265140FD00BE2B23 /* MasterCardWorkingHoursTableViewCell.xib */,
			);
			path = "Working hours";
			sourceTree = "<group>";
		};
		6D0D985F26513EDE00BE2B23 /* Price list */ = {
			isa = PBXGroup;
			children = (
				6D0D9860265140D400BE2B23 /* MasterCardPriceListTableViewCell.swift */,
				6D0D9861265140D400BE2B23 /* MasterCardPriceListTableViewCell.xib */,
			);
			path = "Price list";
			sourceTree = "<group>";
		};
		6D166BE4263551D4004FC587 /* Masters */ = {
			isa = PBXGroup;
			children = (
				6D166BE5263551FC004FC587 /* MastersTabViewController.swift */,
				6D93E713263B213B00C573F2 /* MasterTableViewCell.swift */,
				6D93E714263B213B00C573F2 /* MasterTableViewCell.xib */,
				6D0D98502651027E00BE2B23 /* Card */,
				6D93E70B263AE83400C573F2 /* Creation */,
			);
			path = Masters;
			sourceTree = "<group>";
		};
		6D87FBEA262FEADD00D38EC3 /* View */ = {
			isa = PBXGroup;
			children = (
				6D97333A2658B7B40022C54D /* Map */,
				6D166BE4263551D4004FC587 /* Masters */,
				6DE64F8026305775004BA4A1 /* Profile */,
				6D87FBEB262FEAE900D38EC3 /* Login */,
			);
			path = View;
			sourceTree = "<group>";
		};
		6D87FBEB262FEAE900D38EC3 /* Login */ = {
			isa = PBXGroup;
			children = (
				6DF0489E25F662A70033BD66 /* LoginViewController.swift */,
				6D87FBEE262FEB3E00D38EC3 /* SignUpViewController copy.swift */,
				6DF048A025F662C60033BD66 /* ResetPasswordViewController.swift */,
			);
			path = Login;
			sourceTree = "<group>";
		};
		6D87FBEC262FEB0B00D38EC3 /* ViewModel */ = {
			isa = PBXGroup;
			children = (
				6D93E70E263B0B3C00C573F2 /* Master */,
				6D87FBED262FEB2300D38EC3 /* Auth */,
				6DE64F8126305786004BA4A1 /* Profile */,
			);
			path = ViewModel;
			sourceTree = "<group>";
		};
		6D87FBED262FEB2300D38EC3 /* Auth */ = {
			isa = PBXGroup;
			children = (
				6D87FBF0262FEB8400D38EC3 /* SignUpViewModel.swift */,
				6D87FBF2262FEBA100D38EC3 /* LoginViewModel.swift */,
				6D87FBF4262FEBB900D38EC3 /* ResetPasswordViewModel.swift */,
			);
			path = Auth;
			sourceTree = "<group>";
		};
		6D87FBF6262FEBFA00D38EC3 /* Model */ = {
			isa = PBXGroup;
			children = (
				6D87FBF7262FEBFF00D38EC3 /* Network */,
				6D87FBF8262FEC3800D38EC3 /* User.swift */,
				6D87FBFA262FEC8700D38EC3 /* Deffaults.swift */,
			);
			path = Model;
			sourceTree = "<group>";
		};
		6D87FBF7262FEBFF00D38EC3 /* Network */ = {
			isa = PBXGroup;
			children = (
				6D87FBFC262FECC900D38EC3 /* FBAuthentication.swift */,
				6D87FBFE262FEFCA00D38EC3 /* FBDDatabase.swift */,
				6D93E711263B181F00C573F2 /* FBMasters.swift */,
			);
			path = Network;
			sourceTree = "<group>";
		};
		6D87FC00262FF1C300D38EC3 /* Extensions */ = {
			isa = PBXGroup;
			children = (
				6D87FC01262FF1D300D38EC3 /* Extensions.swift */,
				6D87FC03262FF21800D38EC3 /* Alert.swift */,
				6D87FC05262FF22E00D38EC3 /* ActivityIndicator.swift */,
				6D87FC07262FF25F00D38EC3 /* SystemAuthorization.swift */,
				6D87FC09262FF28400D38EC3 /* Constants.swift */,
				6D87FC0B262FF2B000D38EC3 /* Enums.swift */,
				6DCAE07325F67359009EFDEC /* Utilities.swift */,
			);
			path = Extensions;
			sourceTree = "<group>";
		};
		6D87FC0D262FF5DA00D38EC3 /* Scenes */ = {
			isa = PBXGroup;
			children = (
				6D87FBE8262FEAB500D38EC3 /* Main.storyboard */,
				6D97333E2658B8E30022C54D /* Map.storyboard */,
				6DE64F7A2630390B004BA4A1 /* Test.storyboard */,
				6D441F882630337800A29616 /* Profile.storyboard */,
			);
			path = Scenes;
			sourceTree = "<group>";
		};
		6D93E70B263AE83400C573F2 /* Creation */ = {
			isa = PBXGroup;
			children = (
				6D93E70C263AE85D00C573F2 /* MasterCreationViewComntroller.swift */,
			);
			path = Creation;
			sourceTree = "<group>";
		};
		6D93E70E263B0B3C00C573F2 /* Master */ = {
			isa = PBXGroup;
			children = (
				6D93E70F263B0B5400C573F2 /* MasterCrationViewModel.swift */,
			);
			path = Master;
			sourceTree = "<group>";
		};
		6D97333A2658B7B40022C54D /* Map */ = {
			isa = PBXGroup;
			children = (
				6D97333B2658B7D90022C54D /* Popup */,
				6D97333C2658B82B0022C54D /* MapViewController.swift */,
			);
			path = Map;
			sourceTree = "<group>";
		};
		6D97333B2658B7D90022C54D /* Popup */ = {
			isa = PBXGroup;
			children = (
			);
			path = Popup;
			sourceTree = "<group>";
		};
		6DCE046E26514CBC00E5AA83 /* Review */ = {
			isa = PBXGroup;
			children = (
				6DCE046F26514E5A00E5AA83 /* MasterCardReviewTableViewCell.swift */,
				6DCE047026514E5A00E5AA83 /* MasterCardReviewTableViewCell.xib */,
			);
			path = Review;
			sourceTree = "<group>";
		};
		6DE64F8026305775004BA4A1 /* Profile */ = {
			isa = PBXGroup;
			children = (
				6DF048A225F662D50033BD66 /* ProfileViewController.swift */,
				6DE64F7D26305770004BA4A1 /* ChangePasswordViewController.swift */,
				6DE64F7C26305770004BA4A1 /* EditeProfileViewController.swift */,
			);
			path = Profile;
			sourceTree = "<group>";
		};
		6DE64F8126305786004BA4A1 /* Profile */ = {
			isa = PBXGroup;
			children = (
				6DE64F82263057A4004BA4A1 /* ChangePasswordViewModel.swift */,
				6DE64F83263057A4004BA4A1 /* EditeProfileViewModel.swift */,
				6D441F842630050E00A29616 /* HomeViewModel.swift */,
			);
			path = Profile;
			sourceTree = "<group>";
		};
		6DF0487E25F662640033BD66 = {
			isa = PBXGroup;
			children = (
				6DF0488925F662640033BD66 /* Beautify */,
				6DF0488825F662640033BD66 /* Products */,
				228888DE4D5245F5B965AB95 /* Pods */,
				2654FA062940714841CEDA6C /* Frameworks */,
			);
			sourceTree = "<group>";
		};
		6DF0488825F662640033BD66 /* Products */ = {
			isa = PBXGroup;
			children = (
				6DF0488725F662640033BD66 /* Beautify.app */,
			);
			name = Products;
			sourceTree = "<group>";
		};
		6DF0488925F662640033BD66 /* Beautify */ = {
			isa = PBXGroup;
			children = (
				6D87FC00262FF1C300D38EC3 /* Extensions */,
				6D87FBF6262FEBFA00D38EC3 /* Model */,
				6D87FBEC262FEB0B00D38EC3 /* ViewModel */,
				6D87FBEA262FEADD00D38EC3 /* View */,
				6D87FC0D262FF5DA00D38EC3 /* Scenes */,
				6DF0488A25F662640033BD66 /* AppDelegate.swift */,
				6DF0488C25F662640033BD66 /* SceneDelegate.swift */,
				6DF0489325F662670033BD66 /* Assets.xcassets */,
				6DF0489525F662670033BD66 /* LaunchScreen.storyboard */,
				6DF0489825F662670033BD66 /* Info.plist */,
				6D441F8626300E0F00A29616 /* GoogleService-Info.plist */,
			);
			path = Beautify;
			sourceTree = "<group>";
		};
/* End PBXGroup section */

/* Begin PBXNativeTarget section */
		6DF0488625F662640033BD66 /* Beautify */ = {
			isa = PBXNativeTarget;
			buildConfigurationList = 6DF0489B25F662670033BD66 /* Build configuration list for PBXNativeTarget "Beautify" */;
			buildPhases = (
				4D8E9BF063A65A69677603AF /* [CP] Check Pods Manifest.lock */,
				6DF0488325F662640033BD66 /* Sources */,
				6DF0488425F662640033BD66 /* Frameworks */,
				6DF0488525F662640033BD66 /* Resources */,
				1988F4DBD8431032A2EF27E5 /* [CP] Embed Pods Frameworks */,
				3F826ADE7CAF7CEF4948C487 /* [CP] Copy Pods Resources */,
			);
			buildRules = (
			);
			dependencies = (
			);
			name = Beautify;
			productName = Beautify;
			productReference = 6DF0488725F662640033BD66 /* Beautify.app */;
			productType = "com.apple.product-type.application";
		};
/* End PBXNativeTarget section */

/* Begin PBXProject section */
		6DF0487F25F662640033BD66 /* Project object */ = {
			isa = PBXProject;
			attributes = {
				LastSwiftUpdateCheck = 1170;
				LastUpgradeCheck = 1170;
				ORGANIZATIONNAME = mcoff;
				TargetAttributes = {
					6DF0488625F662640033BD66 = {
						CreatedOnToolsVersion = 11.7;
					};
				};
			};
			buildConfigurationList = 6DF0488225F662640033BD66 /* Build configuration list for PBXProject "Beautify" */;
			compatibilityVersion = "Xcode 9.3";
			developmentRegion = en;
			hasScannedForEncodings = 0;
			knownRegions = (
				en,
				Base,
			);
			mainGroup = 6DF0487E25F662640033BD66;
			productRefGroup = 6DF0488825F662640033BD66 /* Products */;
			projectDirPath = "";
			projectRoot = "";
			targets = (
				6DF0488625F662640033BD66 /* Beautify */,
			);
		};
/* End PBXProject section */

/* Begin PBXResourcesBuildPhase section */
		6DF0488525F662640033BD66 /* Resources */ = {
			isa = PBXResourcesBuildPhase;
			buildActionMask = 2147483647;
			files = (
				6D0D9867265140E700BE2B23 /* MasterCardContactsTableViewCell.xib in Resources */,
				6D0D9863265140D400BE2B23 /* MasterCardPriceListTableViewCell.xib in Resources */,
				6DE64F7B2630390B004BA4A1 /* Test.storyboard in Resources */,
				6D93E716263B213B00C573F2 /* MasterTableViewCell.xib in Resources */,
				6DF0489725F662670033BD66 /* LaunchScreen.storyboard in Resources */,
				6D441F8726300E0F00A29616 /* GoogleService-Info.plist in Resources */,
				6D0D986B265140FD00BE2B23 /* MasterCardWorkingHoursTableViewCell.xib in Resources */,
				6D0D985A26513E5200BE2B23 /* MasterCardDescriptionTableViewCell.xib in Resources */,
				6D441F892630337900A29616 /* Profile.storyboard in Resources */,
				6D87FBE9262FEAB500D38EC3 /* Main.storyboard in Resources */,
				6DF0489425F662670033BD66 /* Assets.xcassets in Resources */,
				6DCE047226514E5A00E5AA83 /* MasterCardReviewTableViewCell.xib in Resources */,
				6D97333F2658B8E30022C54D /* Map.storyboard in Resources */,
			);
			runOnlyForDeploymentPostprocessing = 0;
		};
/* End PBXResourcesBuildPhase section */

/* Begin PBXShellScriptBuildPhase section */
		1988F4DBD8431032A2EF27E5 /* [CP] Embed Pods Frameworks */ = {
			isa = PBXShellScriptBuildPhase;
			buildActionMask = 2147483647;
			files = (
			);
			inputFileListPaths = (
				"${PODS_ROOT}/Target Support Files/Pods-Beautify/Pods-Beautify-frameworks-${CONFIGURATION}-input-files.xcfilelist",
			);
			name = "[CP] Embed Pods Frameworks";
			outputFileListPaths = (
				"${PODS_ROOT}/Target Support Files/Pods-Beautify/Pods-Beautify-frameworks-${CONFIGURATION}-output-files.xcfilelist",
			);
			runOnlyForDeploymentPostprocessing = 0;
			shellPath = /bin/sh;
			shellScript = "\"${PODS_ROOT}/Target Support Files/Pods-Beautify/Pods-Beautify-frameworks.sh\"\n";
			showEnvVarsInLog = 0;
		};
		3F826ADE7CAF7CEF4948C487 /* [CP] Copy Pods Resources */ = {
			isa = PBXShellScriptBuildPhase;
			buildActionMask = 2147483647;
			files = (
			);
			inputFileListPaths = (
				"${PODS_ROOT}/Target Support Files/Pods-Beautify/Pods-Beautify-resources-${CONFIGURATION}-input-files.xcfilelist",
			);
			name = "[CP] Copy Pods Resources";
			outputFileListPaths = (
				"${PODS_ROOT}/Target Support Files/Pods-Beautify/Pods-Beautify-resources-${CONFIGURATION}-output-files.xcfilelist",
			);
			runOnlyForDeploymentPostprocessing = 0;
			shellPath = /bin/sh;
			shellScript = "\"${PODS_ROOT}/Target Support Files/Pods-Beautify/Pods-Beautify-resources.sh\"\n";
			showEnvVarsInLog = 0;
		};
		4D8E9BF063A65A69677603AF /* [CP] Check Pods Manifest.lock */ = {
			isa = PBXShellScriptBuildPhase;
			buildActionMask = 2147483647;
			files = (
			);
			inputFileListPaths = (
			);
			inputPaths = (
				"${PODS_PODFILE_DIR_PATH}/Podfile.lock",
				"${PODS_ROOT}/Manifest.lock",
			);
			name = "[CP] Check Pods Manifest.lock";
			outputFileListPaths = (
			);
			outputPaths = (
				"$(DERIVED_FILE_DIR)/Pods-Beautify-checkManifestLockResult.txt",
			);
			runOnlyForDeploymentPostprocessing = 0;
			shellPath = /bin/sh;
			shellScript = "diff \"${PODS_PODFILE_DIR_PATH}/Podfile.lock\" \"${PODS_ROOT}/Manifest.lock\" > /dev/null\nif [ $? != 0 ] ; then\n    # print error to STDERR\n    echo \"error: The sandbox is not in sync with the Podfile.lock. Run 'pod install' or update your CocoaPods installation.\" >&2\n    exit 1\nfi\n# This output is used by Xcode 'outputs' to avoid re-running this script phase.\necho \"SUCCESS\" > \"${SCRIPT_OUTPUT_FILE_0}\"\n";
			showEnvVarsInLog = 0;
		};
/* End PBXShellScriptBuildPhase section */

/* Begin PBXSourcesBuildPhase section */
		6DF0488325F662640033BD66 /* Sources */ = {
			isa = PBXSourcesBuildPhase;
			buildActionMask = 2147483647;
			files = (
				6D87FC04262FF21800D38EC3 /* Alert.swift in Sources */,
				6D87FBF9262FEC3800D38EC3 /* User.swift in Sources */,
				6D87FC06262FF22E00D38EC3 /* ActivityIndicator.swift in Sources */,
				6DF0489F25F662A70033BD66 /* LoginViewController.swift in Sources */,
				6D87FC08262FF25F00D38EC3 /* SystemAuthorization.swift in Sources */,
				6D87FBF3262FEBA100D38EC3 /* LoginViewModel.swift in Sources */,
				6D87FBFB262FEC8700D38EC3 /* Deffaults.swift in Sources */,
				6D166BE6263551FC004FC587 /* MastersTabViewController.swift in Sources */,
				6D87FBF1262FEB8400D38EC3 /* SignUpViewModel.swift in Sources */,
				6DCAE07425F67359009EFDEC /* Utilities.swift in Sources */,
				6D0D9866265140E700BE2B23 /* MasterCardContactsTableViewCell.swift in Sources */,
				6D93E70D263AE85D00C573F2 /* MasterCreationViewComntroller.swift in Sources */,
				6D93E710263B0B5400C573F2 /* MasterCrationViewModel.swift in Sources */,
				6DCE047126514E5A00E5AA83 /* MasterCardReviewTableViewCell.swift in Sources */,
				6D0D986A265140FD00BE2B23 /* MasterCardWorkingHoursTableViewCell.swift in Sources */,
				6D87FC0C262FF2B000D38EC3 /* Enums.swift in Sources */,
				6D87FBF5262FEBB900D38EC3 /* ResetPasswordViewModel.swift in Sources */,
				6D87FC0A262FF28400D38EC3 /* Constants.swift in Sources */,
				6DF0488B25F662640033BD66 /* AppDelegate.swift in Sources */,
				6D0D985926513E5200BE2B23 /* MasterCardDescriptionTableViewCell.swift in Sources */,
				6DE64F84263057A4004BA4A1 /* ChangePasswordViewModel.swift in Sources */,
				6DF0488D25F662640033BD66 /* SceneDelegate.swift in Sources */,
				6DE64F7E26305770004BA4A1 /* EditeProfileViewController.swift in Sources */,
				6DF048A125F662C60033BD66 /* ResetPasswordViewController.swift in Sources */,
				6D0D9862265140D400BE2B23 /* MasterCardPriceListTableViewCell.swift in Sources */,
				6DE64F85263057A4004BA4A1 /* EditeProfileViewModel.swift in Sources */,
				6D93E712263B181F00C573F2 /* FBMasters.swift in Sources */,
				6D97333D2658B82B0022C54D /* MapViewController.swift in Sources */,
				6DF048A325F662D50033BD66 /* ProfileViewController.swift in Sources */,
				6D441F852630050E00A29616 /* HomeViewModel.swift in Sources */,
				6D87FBFD262FECC900D38EC3 /* FBAuthentication.swift in Sources */,
				6D93E715263B213B00C573F2 /* MasterTableViewCell.swift in Sources */,
				6D87FBFF262FEFCA00D38EC3 /* FBDDatabase.swift in Sources */,
				6D87FC02262FF1D300D38EC3 /* Extensions.swift in Sources */,
				6D87FBEF262FEB3E00D38EC3 /* SignUpViewController copy.swift in Sources */,
				6D0D9856265108A100BE2B23 /* MasterCardViewController.swift in Sources */,
				6DE64F7F26305770004BA4A1 /* ChangePasswordViewController.swift in Sources */,
			);
			runOnlyForDeploymentPostprocessing = 0;
		};
/* End PBXSourcesBuildPhase section */

/* Begin PBXVariantGroup section */
		6DF0489525F662670033BD66 /* LaunchScreen.storyboard */ = {
			isa = PBXVariantGroup;
			children = (
				6DF0489625F662670033BD66 /* Base */,
			);
			name = LaunchScreen.storyboard;
			sourceTree = "<group>";
		};
/* End PBXVariantGroup section */

/* Begin XCBuildConfiguration section */
		6DF0489925F662670033BD66 /* Debug */ = {
			isa = XCBuildConfiguration;
			buildSettings = {
				ALWAYS_SEARCH_USER_PATHS = NO;
				CLANG_ANALYZER_NONNULL = YES;
				CLANG_ANALYZER_NUMBER_OBJECT_CONVERSION = YES_AGGRESSIVE;
				CLANG_CXX_LANGUAGE_STANDARD = "gnu++14";
				CLANG_CXX_LIBRARY = "libc++";
				CLANG_ENABLE_MODULES = YES;
				CLANG_ENABLE_OBJC_ARC = YES;
				CLANG_ENABLE_OBJC_WEAK = YES;
				CLANG_WARN_BLOCK_CAPTURE_AUTORELEASING = YES;
				CLANG_WARN_BOOL_CONVERSION = YES;
				CLANG_WARN_COMMA = YES;
				CLANG_WARN_CONSTANT_CONVERSION = YES;
				CLANG_WARN_DEPRECATED_OBJC_IMPLEMENTATIONS = YES;
				CLANG_WARN_DIRECT_OBJC_ISA_USAGE = YES_ERROR;
				CLANG_WARN_DOCUMENTATION_COMMENTS = YES;
				CLANG_WARN_EMPTY_BODY = YES;
				CLANG_WARN_ENUM_CONVERSION = YES;
				CLANG_WARN_INFINITE_RECURSION = YES;
				CLANG_WARN_INT_CONVERSION = YES;
				CLANG_WARN_NON_LITERAL_NULL_CONVERSION = YES;
				CLANG_WARN_OBJC_IMPLICIT_RETAIN_SELF = YES;
				CLANG_WARN_OBJC_LITERAL_CONVERSION = YES;
				CLANG_WARN_OBJC_ROOT_CLASS = YES_ERROR;
				CLANG_WARN_RANGE_LOOP_ANALYSIS = YES;
				CLANG_WARN_STRICT_PROTOTYPES = YES;
				CLANG_WARN_SUSPICIOUS_MOVE = YES;
				CLANG_WARN_UNGUARDED_AVAILABILITY = YES_AGGRESSIVE;
				CLANG_WARN_UNREACHABLE_CODE = YES;
				CLANG_WARN__DUPLICATE_METHOD_MATCH = YES;
				COPY_PHASE_STRIP = NO;
				DEBUG_INFORMATION_FORMAT = dwarf;
				ENABLE_STRICT_OBJC_MSGSEND = YES;
				ENABLE_TESTABILITY = YES;
				GCC_C_LANGUAGE_STANDARD = gnu11;
				GCC_DYNAMIC_NO_PIC = NO;
				GCC_NO_COMMON_BLOCKS = YES;
				GCC_OPTIMIZATION_LEVEL = 0;
				GCC_PREPROCESSOR_DEFINITIONS = (
					"DEBUG=1",
					"$(inherited)",
				);
				GCC_WARN_64_TO_32_BIT_CONVERSION = YES;
				GCC_WARN_ABOUT_RETURN_TYPE = YES_ERROR;
				GCC_WARN_UNDECLARED_SELECTOR = YES;
				GCC_WARN_UNINITIALIZED_AUTOS = YES_AGGRESSIVE;
				GCC_WARN_UNUSED_FUNCTION = YES;
				GCC_WARN_UNUSED_VARIABLE = YES;
				IPHONEOS_DEPLOYMENT_TARGET = 13.6;
				MTL_ENABLE_DEBUG_INFO = INCLUDE_SOURCE;
				MTL_FAST_MATH = YES;
				ONLY_ACTIVE_ARCH = YES;
				SDKROOT = iphoneos;
				SWIFT_ACTIVE_COMPILATION_CONDITIONS = DEBUG;
				SWIFT_OPTIMIZATION_LEVEL = "-Onone";
			};
			name = Debug;
		};
		6DF0489A25F662670033BD66 /* Release */ = {
			isa = XCBuildConfiguration;
			buildSettings = {
				ALWAYS_SEARCH_USER_PATHS = NO;
				CLANG_ANALYZER_NONNULL = YES;
				CLANG_ANALYZER_NUMBER_OBJECT_CONVERSION = YES_AGGRESSIVE;
				CLANG_CXX_LANGUAGE_STANDARD = "gnu++14";
				CLANG_CXX_LIBRARY = "libc++";
				CLANG_ENABLE_MODULES = YES;
				CLANG_ENABLE_OBJC_ARC = YES;
				CLANG_ENABLE_OBJC_WEAK = YES;
				CLANG_WARN_BLOCK_CAPTURE_AUTORELEASING = YES;
				CLANG_WARN_BOOL_CONVERSION = YES;
				CLANG_WARN_COMMA = YES;
				CLANG_WARN_CONSTANT_CONVERSION = YES;
				CLANG_WARN_DEPRECATED_OBJC_IMPLEMENTATIONS = YES;
				CLANG_WARN_DIRECT_OBJC_ISA_USAGE = YES_ERROR;
				CLANG_WARN_DOCUMENTATION_COMMENTS = YES;
				CLANG_WARN_EMPTY_BODY = YES;
				CLANG_WARN_ENUM_CONVERSION = YES;
				CLANG_WARN_INFINITE_RECURSION = YES;
				CLANG_WARN_INT_CONVERSION = YES;
				CLANG_WARN_NON_LITERAL_NULL_CONVERSION = YES;
				CLANG_WARN_OBJC_IMPLICIT_RETAIN_SELF = YES;
				CLANG_WARN_OBJC_LITERAL_CONVERSION = YES;
				CLANG_WARN_OBJC_ROOT_CLASS = YES_ERROR;
				CLANG_WARN_RANGE_LOOP_ANALYSIS = YES;
				CLANG_WARN_STRICT_PROTOTYPES = YES;
				CLANG_WARN_SUSPICIOUS_MOVE = YES;
				CLANG_WARN_UNGUARDED_AVAILABILITY = YES_AGGRESSIVE;
				CLANG_WARN_UNREACHABLE_CODE = YES;
				CLANG_WARN__DUPLICATE_METHOD_MATCH = YES;
				COPY_PHASE_STRIP = NO;
				DEBUG_INFORMATION_FORMAT = "dwarf-with-dsym";
				ENABLE_NS_ASSERTIONS = NO;
				ENABLE_STRICT_OBJC_MSGSEND = YES;
				GCC_C_LANGUAGE_STANDARD = gnu11;
				GCC_NO_COMMON_BLOCKS = YES;
				GCC_WARN_64_TO_32_BIT_CONVERSION = YES;
				GCC_WARN_ABOUT_RETURN_TYPE = YES_ERROR;
				GCC_WARN_UNDECLARED_SELECTOR = YES;
				GCC_WARN_UNINITIALIZED_AUTOS = YES_AGGRESSIVE;
				GCC_WARN_UNUSED_FUNCTION = YES;
				GCC_WARN_UNUSED_VARIABLE = YES;
				IPHONEOS_DEPLOYMENT_TARGET = 13.6;
				MTL_ENABLE_DEBUG_INFO = NO;
				MTL_FAST_MATH = YES;
				SDKROOT = iphoneos;
				SWIFT_COMPILATION_MODE = wholemodule;
				SWIFT_OPTIMIZATION_LEVEL = "-O";
				VALIDATE_PRODUCT = YES;
			};
			name = Release;
		};
		6DF0489C25F662670033BD66 /* Debug */ = {
			isa = XCBuildConfiguration;
			baseConfigurationReference = 80B43497D149B487E2413EA6 /* Pods-Beautify.debug.xcconfig */;
			buildSettings = {
				ASSETCATALOG_COMPILER_APPICON_NAME = AppIcon;
				CODE_SIGN_STYLE = Automatic;
				DEVELOPMENT_TEAM = L46T769V8D;
				INFOPLIST_FILE = Beautify/Info.plist;
				IPHONEOS_DEPLOYMENT_TARGET = 13.6;
				LD_RUNPATH_SEARCH_PATHS = (
					"$(inherited)",
					"@executable_path/Frameworks",
				);
				PRODUCT_BUNDLE_IDENTIFIER = ru.mcoff.Beautify;
				PRODUCT_NAME = "$(TARGET_NAME)";
				SWIFT_VERSION = 5.0;
				TARGETED_DEVICE_FAMILY = "1,2";
			};
			name = Debug;
		};
		6DF0489D25F662670033BD66 /* Release */ = {
			isa = XCBuildConfiguration;
			baseConfigurationReference = C802002FC0E6DDB2428009E3 /* Pods-Beautify.release.xcconfig */;
			buildSettings = {
				ASSETCATALOG_COMPILER_APPICON_NAME = AppIcon;
				CODE_SIGN_STYLE = Automatic;
				DEVELOPMENT_TEAM = L46T769V8D;
				INFOPLIST_FILE = Beautify/Info.plist;
				IPHONEOS_DEPLOYMENT_TARGET = 13.6;
				LD_RUNPATH_SEARCH_PATHS = (
					"$(inherited)",
					"@executable_path/Frameworks",
				);
				PRODUCT_BUNDLE_IDENTIFIER = ru.mcoff.Beautify;
				PRODUCT_NAME = "$(TARGET_NAME)";
				SWIFT_VERSION = 5.0;
				TARGETED_DEVICE_FAMILY = "1,2";
			};
			name = Release;
		};
/* End XCBuildConfiguration section */

/* Begin XCConfigurationList section */
		6DF0488225F662640033BD66 /* Build configuration list for PBXProject "Beautify" */ = {
			isa = XCConfigurationList;
			buildConfigurations = (
				6DF0489925F662670033BD66 /* Debug */,
				6DF0489A25F662670033BD66 /* Release */,
			);
			defaultConfigurationIsVisible = 0;
			defaultConfigurationName = Release;
		};
		6DF0489B25F662670033BD66 /* Build configuration list for PBXNativeTarget "Beautify" */ = {
			isa = XCConfigurationList;
			buildConfigurations = (
				6DF0489C25F662670033BD66 /* Debug */,
				6DF0489D25F662670033BD66 /* Release */,
			);
			defaultConfigurationIsVisible = 0;
			defaultConfigurationName = Release;
		};
/* End XCConfigurationList section */
	};
	rootObject = 6DF0487F25F662640033BD66 /* Project object */;
}
